
Microsoft Visual Studio Solution File, Format Version 12.00
# Visual Studio Version 17
VisualStudioVersion = 17.3.32901.215
MinimumVisualStudioVersion = 10.0.40219.1
Project("{FAE04EC0-301F-11D3-BF4B-00C04F79EFBC}") = "StringCalculator.Tests", "StringCalculator\StringCalculator.Tests.csproj", "{FEB3E2D3-5AAB-4796-B7E4-9904AE3FBF1C}"
EndProject
Project("{FAE04EC0-301F-11D3-BF4B-00C04F79EFBC}") = "StringCalculator.Domain", "StringCalculator.Domain\StringCalculator.Domain.csproj", "{417DC836-55DC-4BF0-A85D-893422D99356}"
EndProject
Global
	GlobalSection(SolutionConfigurationPlatforms) = preSolution
		Debug|Any CPU = Debug|Any CPU
		Release|Any CPU = Release|Any CPU
	EndGlobalSection
	GlobalSection(ProjectConfigurationPlatforms) = postSolution
		{FEB3E2D3-5AAB-4796-B7E4-9904AE3FBF1C}.Debug|Any CPU.ActiveCfg = Debug|Any CPU
		{FEB3E2D3-5AAB-4796-B7E4-9904AE3FBF1C}.Debug|Any CPU.Build.0 = Debug|Any CPU
		{FEB3E2D3-5AAB-4796-B7E4-9904AE3FBF1C}.Release|Any CPU.ActiveCfg = Release|Any CPU
		{FEB3E2D3-5AAB-4796-B7E4-9904AE3FBF1C}.Release|Any CPU.Build.0 = Release|Any CPU
		{417DC836-55DC-4BF0-A85D-893422D99356}.Debug|Any CPU.ActiveCfg = Debug|Any CPU
		{417DC836-55DC-4BF0-A85D-893422D99356}.Debug|Any CPU.Build.0 = Debug|Any CPU
		{417DC836-55DC-4BF0-A85D-893422D99356}.Release|Any CPU.ActiveCfg = Release|Any CPU
		{417DC836-55DC-4BF0-A85D-893422D99356}.Release|Any CPU.Build.0 = Release|Any CPU
	EndGlobalSection
	GlobalSection(SolutionProperties) = preSolution
		HideSolutionNode = FALSE
	EndGlobalSection
	GlobalSection(ExtensibilityGlobals) = postSolution
		SolutionGuid = {42A423BF-2FA1-433F-B3FC-ED4AB0D931DC}
	EndGlobalSection
EndGlobal
